{
  "name": "oc",
  "lockfileVersion": 3,
  "requires": true,
  "packages": {
    "": {
      "dependencies": {
        "oc-server": "^0.4.5"
      }
    },
    "node_modules/oc-server": {
      "version": "0.4.5",
      "resolved": "https://registry.npmjs.org/oc-server/-/oc-server-0.4.5.tgz",
      "integrity": "sha512-Htg/UVDoROiiSWWuz/fkHg9rSU5XfzZuzyfQTG31W0rG3ED/kLgAZ/LwVPeMxgvrDo1T4TU/olM56ERADnHLPg=="
    }
  }
}
